
Microsoft Visual Studio Solution File, Format Version 12.00
# Visual Studio Version 17
VisualStudioVersion = 17.5.33516.290
MinimumVisualStudioVersion = 10.0.40219.1
Project("{FAE04EC0-301F-11D3-BF4B-00C04F79EFBC}") = "DotnetCoreRateLimit", "DotnetCoreRateLimit\DotnetCoreRateLimit.csproj", "{87A0A3C8-7FF1-4FD6-A619-F61E9774AFDC}"
EndProject
Global
	GlobalSection(SolutionConfigurationPlatforms) = preSolution
		Debug|Any CPU = Debug|Any CPU
		Release|Any CPU = Release|Any CPU
	EndGlobalSection
	GlobalSection(ProjectConfigurationPlatforms) = postSolution
		{87A0A3C8-7FF1-4FD6-A619-F61E9774AFDC}.Debug|Any CPU.ActiveCfg = Debug|Any CPU
		{87A0A3C8-7FF1-4FD6-A619-F61E9774AFDC}.Debug|Any CPU.Build.0 = Debug|Any CPU
		{87A0A3C8-7FF1-4FD6-A619-F61E9774AFDC}.Release|Any CPU.ActiveCfg = Release|Any CPU
		{87A0A3C8-7FF1-4FD6-A619-F61E9774AFDC}.Release|Any CPU.Build.0 = Release|Any CPU
	EndGlobalSection
	GlobalSection(SolutionProperties) = preSolution
		HideSolutionNode = FALSE
	EndGlobalSection
	GlobalSection(ExtensibilityGlobals) = postSolution
		SolutionGuid = {565B01AB-6A51-4BFD-9518-2D6A3F872C1A}
	EndGlobalSection
EndGlobal
